// !$*UTF8*$!
{
	archiveVersion = 1;
	classes = {
	};
	objectVersion = 46;
	objects = {

/* Begin PBXBuildFile section */
		6750701B1906F1E400D8EFD5 /* CFMMessage.m in Sources */ = {isa = PBXBuildFile; fileRef = 6750701A1906F1E400D8EFD5 /* CFMMessage.m */; };
		675070271908240C00D8EFD5 /* 07-map-marker.png in Resources */ = {isa = PBXBuildFile; fileRef = 6750701D1908240B00D8EFD5 /* 07-map-marker.png */; };
		675070281908240C00D8EFD5 /* 19-gear.png in Resources */ = {isa = PBXBuildFile; fileRef = 6750701E1908240B00D8EFD5 /* 19-gear.png */; };
		675070291908240C00D8EFD5 /* 63-runner_left.png in Resources */ = {isa = PBXBuildFile; fileRef = 6750701F1908240B00D8EFD5 /* 63-runner_left.png */; };
		6750702A1908240C00D8EFD5 /* 63-runner.png in Resources */ = {isa = PBXBuildFile; fileRef = 675070201908240B00D8EFD5 /* 63-runner.png */; };
		6750702B1908240C00D8EFD5 /* 71-compass.png in Resources */ = {isa = PBXBuildFile; fileRef = 675070211908240B00D8EFD5 /* 71-compass.png */; };
		6750702C1908240C00D8EFD5 /* 73-radar.png in Resources */ = {isa = PBXBuildFile; fileRef = 675070221908240B00D8EFD5 /* 73-radar.png */; };
		6750702D1908240C00D8EFD5 /* 74-location.png in Resources */ = {isa = PBXBuildFile; fileRef = 675070231908240B00D8EFD5 /* 74-location.png */; };
		6750702E1908240C00D8EFD5 /* 103-map.png in Resources */ = {isa = PBXBuildFile; fileRef = 675070241908240C00D8EFD5 /* 103-map.png */; };
		6750702F1908240C00D8EFD5 /* 104-index-cards.png in Resources */ = {isa = PBXBuildFile; fileRef = 675070251908240C00D8EFD5 /* 104-index-cards.png */; };
		675070301908240C00D8EFD5 /* 193-location-arrow.png in Resources */ = {isa = PBXBuildFile; fileRef = 675070261908240C00D8EFD5 /* 193-location-arrow.png */; };
		67507032190825E600D8EFD5 /* 12-eye.png in Resources */ = {isa = PBXBuildFile; fileRef = 67507031190825E600D8EFD5 /* 12-eye.png */; };
		675070351908BA4800D8EFD5 /* CFMBroadcast.m in Sources */ = {isa = PBXBuildFile; fileRef = 675070341908BA4800D8EFD5 /* CFMBroadcast.m */; };
		675070381909C08900D8EFD5 /* CFMMarkersDataSource.m in Sources */ = {isa = PBXBuildFile; fileRef = 675070371909C08900D8EFD5 /* CFMMarkersDataSource.m */; };
		675E8C7918EDF73E00978B50 /* Foundation.framework in Frameworks */ = {isa = PBXBuildFile; fileRef = 675E8C7818EDF73E00978B50 /* Foundation.framework */; };
		675E8C7B18EDF73E00978B50 /* CoreGraphics.framework in Frameworks */ = {isa = PBXBuildFile; fileRef = 675E8C7A18EDF73E00978B50 /* CoreGraphics.framework */; };
		675E8C7D18EDF73E00978B50 /* UIKit.framework in Frameworks */ = {isa = PBXBuildFile; fileRef = 675E8C7C18EDF73E00978B50 /* UIKit.framework */; };
		675E8C8318EDF73E00978B50 /* InfoPlist.strings in Resources */ = {isa = PBXBuildFile; fileRef = 675E8C8118EDF73E00978B50 /* InfoPlist.strings */; };
		675E8C8518EDF73E00978B50 /* main.m in Sources */ = {isa = PBXBuildFile; fileRef = 675E8C8418EDF73E00978B50 /* main.m */; };
		675E8C8918EDF73F00978B50 /* CFMAppDelegate.m in Sources */ = {isa = PBXBuildFile; fileRef = 675E8C8818EDF73F00978B50 /* CFMAppDelegate.m */; };
		675E8C8B18EDF73F00978B50 /* Images.xcassets in Resources */ = {isa = PBXBuildFile; fileRef = 675E8C8A18EDF73F00978B50 /* Images.xcassets */; };
		675E8C9218EDF73F00978B50 /* XCTest.framework in Frameworks */ = {isa = PBXBuildFile; fileRef = 675E8C9118EDF73F00978B50 /* XCTest.framework */; };
		675E8C9318EDF73F00978B50 /* Foundation.framework in Frameworks */ = {isa = PBXBuildFile; fileRef = 675E8C7818EDF73E00978B50 /* Foundation.framework */; };
		675E8C9418EDF73F00978B50 /* UIKit.framework in Frameworks */ = {isa = PBXBuildFile; fileRef = 675E8C7C18EDF73E00978B50 /* UIKit.framework */; };
		675E8C9C18EDF73F00978B50 /* InfoPlist.strings in Resources */ = {isa = PBXBuildFile; fileRef = 675E8C9A18EDF73F00978B50 /* InfoPlist.strings */; };
		675E8C9E18EDF73F00978B50 /* ComeFindMeTests.m in Sources */ = {isa = PBXBuildFile; fileRef = 675E8C9D18EDF73F00978B50 /* ComeFindMeTests.m */; };
		675E8CAA18EDFE9C00978B50 /* FacebookSDK.framework in Frameworks */ = {isa = PBXBuildFile; fileRef = 675E8CA918EDFE9C00978B50 /* FacebookSDK.framework */; };
		675E8CAD18EE03AC00978B50 /* CFMLoginView.m in Sources */ = {isa = PBXBuildFile; fileRef = 675E8CAC18EE03AC00978B50 /* CFMLoginView.m */; };
		67A9D49518EFBB9B0017373B /* CFMSelectLocationView.m in Sources */ = {isa = PBXBuildFile; fileRef = 67A9D49418EFBB9B0017373B /* CFMSelectLocationView.m */; };
		67A9D49718EFBCA30017373B /* GoogleMaps.framework in Frameworks */ = {isa = PBXBuildFile; fileRef = 67A9D49618EFBCA30017373B /* GoogleMaps.framework */; };
		67A9D49918EFBCCA0017373B /* GoogleMaps.bundle in Resources */ = {isa = PBXBuildFile; fileRef = 67A9D49818EFBCC90017373B /* GoogleMaps.bundle */; };
		67A9D49B18EFBD0A0017373B /* AVFoundation.framework in Frameworks */ = {isa = PBXBuildFile; fileRef = 67A9D49A18EFBD0A0017373B /* AVFoundation.framework */; };
		67A9D49D18EFBD210017373B /* CoreLocation.framework in Frameworks */ = {isa = PBXBuildFile; fileRef = 67A9D49C18EFBD210017373B /* CoreLocation.framework */; };
		67A9D49F18EFBD2B0017373B /* CoreData.framework in Frameworks */ = {isa = PBXBuildFile; fileRef = 67A9D49E18EFBD2B0017373B /* CoreData.framework */; };
		67A9D4A618EFBD770017373B /* CoreText.framework in Frameworks */ = {isa = PBXBuildFile; fileRef = 67A9D4A018EFBD770017373B /* CoreText.framework */; };
		67A9D4A718EFBD770017373B /* GLKit.framework in Frameworks */ = {isa = PBXBuildFile; fileRef = 67A9D4A118EFBD770017373B /* GLKit.framework */; };
		67A9D4A818EFBD770017373B /* ImageIO.framework in Frameworks */ = {isa = PBXBuildFile; fileRef = 67A9D4A218EFBD770017373B /* ImageIO.framework */; };
		67A9D4A918EFBD770017373B /* libc++.dylib in Frameworks */ = {isa = PBXBuildFile; fileRef = 67A9D4A318EFBD770017373B /* libc++.dylib */; };
		67A9D4AA18EFBD770017373B /* libicucore.dylib in Frameworks */ = {isa = PBXBuildFile; fileRef = 67A9D4A418EFBD770017373B /* libicucore.dylib */; };
		67A9D4AB18EFBD770017373B /* libz.dylib in Frameworks */ = {isa = PBXBuildFile; fileRef = 67A9D4A518EFBD770017373B /* libz.dylib */; };
		67A9D4AD18EFBD820017373B /* OpenGLES.framework in Frameworks */ = {isa = PBXBuildFile; fileRef = 67A9D4AC18EFBD820017373B /* OpenGLES.framework */; };
		67A9D4B018EFBD900017373B /* QuartzCore.framework in Frameworks */ = {isa = PBXBuildFile; fileRef = 67A9D4AE18EFBD900017373B /* QuartzCore.framework */; };
		67A9D4B118EFBD900017373B /* SystemConfiguration.framework in Frameworks */ = {isa = PBXBuildFile; fileRef = 67A9D4AF18EFBD900017373B /* SystemConfiguration.framework */; };
		67BCEF4918F24926000853B6 /* CFMReceiveRequestView.m in Sources */ = {isa = PBXBuildFile; fileRef = 67BCEF4818F24926000853B6 /* CFMReceiveRequestView.m */; };
		67BCEF4D18F38F63000853B6 /* CFMRestService.m in Sources */ = {isa = PBXBuildFile; fileRef = 67BCEF4C18F38F63000853B6 /* CFMRestService.m */; };
		67EF031618FA297500D2A40C /* CFMNavigationViewController.m in Sources */ = {isa = PBXBuildFile; fileRef = 67EF031518FA297500D2A40C /* CFMNavigationViewController.m */; };
		67EF031918FA2BD100D2A40C /* CFMLoginViewController.m in Sources */ = {isa = PBXBuildFile; fileRef = 67EF031818FA2BD100D2A40C /* CFMLoginViewController.m */; };
		67EF031C18FB321F00D2A40C /* CFMSelectLocationViewController.m in Sources */ = {isa = PBXBuildFile; fileRef = 67EF031B18FB321F00D2A40C /* CFMSelectLocationViewController.m */; };
		67EF031F18FB3A1000D2A40C /* CFMSelectFriendsView.m in Sources */ = {isa = PBXBuildFile; fileRef = 67EF031E18FB3A1000D2A40C /* CFMSelectFriendsView.m */; };
		67EF032218FB406A00D2A40C /* CFMSelectFriendsViewController.m in Sources */ = {isa = PBXBuildFile; fileRef = 67EF032118FB406A00D2A40C /* CFMSelectFriendsViewController.m */; };
		67EF032618FCD74200D2A40C /* CFMBadgeView.m in Sources */ = {isa = PBXBuildFile; fileRef = 67EF032518FCD74200D2A40C /* CFMBadgeView.m */; };
		67EF032C18FCEAD100D2A40C /* CFMMessagesButton.m in Sources */ = {isa = PBXBuildFile; fileRef = 67EF032B18FCEAD100D2A40C /* CFMMessagesButton.m */; };
		67EF032F18FCEE5900D2A40C /* glyphicons_114_list.png in Resources */ = {isa = PBXBuildFile; fileRef = 67EF032E18FCEE5900D2A40C /* glyphicons_114_list.png */; };
		67EF03391902A31200D2A40C /* CFMMessagesViewController.m in Sources */ = {isa = PBXBuildFile; fileRef = 67EF03381902A31200D2A40C /* CFMMessagesViewController.m */; };
		67EF033C1902A49000D2A40C /* CFMMessagesDataSource.m in Sources */ = {isa = PBXBuildFile; fileRef = 67EF033B1902A49000D2A40C /* CFMMessagesDataSource.m */; };
		67EF033F19039AA000D2A40C /* glyphicons_345_hand_right.png in Resources */ = {isa = PBXBuildFile; fileRef = 67EF033D19039AA000D2A40C /* glyphicons_345_hand_right.png */; };
		67EF034019039AA000D2A40C /* glyphicons_346_hand_left.png in Resources */ = {isa = PBXBuildFile; fileRef = 67EF033E19039AA000D2A40C /* glyphicons_346_hand_left.png */; };
		67EF03431904A85A00D2A40C /* CFMReceiveRequestViewController.m in Sources */ = {isa = PBXBuildFile; fileRef = 67EF03421904A85A00D2A40C /* CFMReceiveRequestViewController.m */; };
		67EF03461904ADD300D2A40C /* CFMUser.m in Sources */ = {isa = PBXBuildFile; fileRef = 67EF03451904ADD300D2A40C /* CFMUser.m */; };
		67EF03491904DAA000D2A40C /* CFMSettingsView.m in Sources */ = {isa = PBXBuildFile; fileRef = 67EF03481904DAA000D2A40C /* CFMSettingsView.m */; };
		67EF034C1904DC3700D2A40C /* CFMSettingsViewController.m in Sources */ = {isa = PBXBuildFile; fileRef = 67EF034B1904DC3700D2A40C /* CFMSettingsViewController.m */; };
		67EF034E1904DE3300D2A40C /* glyphicons_070_umbrella.png in Resources */ = {isa = PBXBuildFile; fileRef = 67EF034D1904DE3300D2A40C /* glyphicons_070_umbrella.png */; };
		67EF03511905525100D2A40C /* CFMSentRequestView.m in Sources */ = {isa = PBXBuildFile; fileRef = 67EF03501905525100D2A40C /* CFMSentRequestView.m */; };
		67EF0354190554B100D2A40C /* CFMSentRequestViewController.m in Sources */ = {isa = PBXBuildFile; fileRef = 67EF0353190554B100D2A40C /* CFMSentRequestViewController.m */; };
		67EF035719055D7000D2A40C /* CFMFriendsDataSource.m in Sources */ = {isa = PBXBuildFile; fileRef = 67EF035619055D7000D2A40C /* CFMFriendsDataSource.m */; };
		67EF035A19057E0C00D2A40C /* CFMLocation.m in Sources */ = {isa = PBXBuildFile; fileRef = 67EF035919057E0C00D2A40C /* CFMLocation.m */; };
/* End PBXBuildFile section */

/* Begin PBXContainerItemProxy section */
		675E8C9518EDF73F00978B50 /* PBXContainerItemProxy */ = {
			isa = PBXContainerItemProxy;
			containerPortal = 675E8C6D18EDF73E00978B50 /* Project object */;
			proxyType = 1;
			remoteGlobalIDString = 675E8C7418EDF73E00978B50;
			remoteInfo = ComeFindMe;
		};
/* End PBXContainerItemProxy section */

/* Begin PBXFileReference section */
		675070191906F1E400D8EFD5 /* CFMMessage.h */ = {isa = PBXFileReference; fileEncoding = 4; lastKnownFileType = sourcecode.c.h; name = CFMMessage.h; path = Classes/Models/CFMMessage.h; sourceTree = "<group>"; };
		6750701A1906F1E400D8EFD5 /* CFMMessage.m */ = {isa = PBXFileReference; fileEncoding = 4; lastKnownFileType = sourcecode.c.objc; name = CFMMessage.m; path = Classes/Models/CFMMessage.m; sourceTree = "<group>"; };
		6750701D1908240B00D8EFD5 /* 07-map-marker.png */ = {isa = PBXFileReference; lastKnownFileType = image.png; name = "07-map-marker.png"; path = "glyphish/07-map-marker.png"; sourceTree = "<group>"; };
		6750701E1908240B00D8EFD5 /* 19-gear.png */ = {isa = PBXFileReference; lastKnownFileType = image.png; name = "19-gear.png"; path = "glyphish/19-gear.png"; sourceTree = "<group>"; };
		6750701F1908240B00D8EFD5 /* 63-runner_left.png */ = {isa = PBXFileReference; lastKnownFileType = image.png; name = "63-runner_left.png"; path = "glyphish/63-runner_left.png"; sourceTree = "<group>"; };
		675070201908240B00D8EFD5 /* 63-runner.png */ = {isa = PBXFileReference; lastKnownFileType = image.png; name = "63-runner.png"; path = "glyphish/63-runner.png"; sourceTree = "<group>"; };
		675070211908240B00D8EFD5 /* 71-compass.png */ = {isa = PBXFileReference; lastKnownFileType = image.png; name = "71-compass.png"; path = "glyphish/71-compass.png"; sourceTree = "<group>"; };
		675070221908240B00D8EFD5 /* 73-radar.png */ = {isa = PBXFileReference; lastKnownFileType = image.png; name = "73-radar.png"; path = "glyphish/73-radar.png"; sourceTree = "<group>"; };
		675070231908240B00D8EFD5 /* 74-location.png */ = {isa = PBXFileReference; lastKnownFileType = image.png; name = "74-location.png"; path = "glyphish/74-location.png"; sourceTree = "<group>"; };
		675070241908240C00D8EFD5 /* 103-map.png */ = {isa = PBXFileReference; lastKnownFileType = image.png; name = "103-map.png"; path = "glyphish/103-map.png"; sourceTree = "<group>"; };
		675070251908240C00D8EFD5 /* 104-index-cards.png */ = {isa = PBXFileReference; lastKnownFileType = image.png; name = "104-index-cards.png"; path = "glyphish/104-index-cards.png"; sourceTree = "<group>"; };
		675070261908240C00D8EFD5 /* 193-location-arrow.png */ = {isa = PBXFileReference; lastKnownFileType = image.png; name = "193-location-arrow.png"; path = "glyphish/193-location-arrow.png"; sourceTree = "<group>"; };
		67507031190825E600D8EFD5 /* 12-eye.png */ = {isa = PBXFileReference; lastKnownFileType = image.png; name = "12-eye.png"; path = "glyphish/12-eye.png"; sourceTree = "<group>"; };
		675070331908BA4800D8EFD5 /* CFMBroadcast.h */ = {isa = PBXFileReference; fileEncoding = 4; lastKnownFileType = sourcecode.c.h; name = CFMBroadcast.h; path = Classes/Models/CFMBroadcast.h; sourceTree = "<group>"; };
		675070341908BA4800D8EFD5 /* CFMBroadcast.m */ = {isa = PBXFileReference; fileEncoding = 4; lastKnownFileType = sourcecode.c.objc; name = CFMBroadcast.m; path = Classes/Models/CFMBroadcast.m; sourceTree = "<group>"; };
		675070361909C08900D8EFD5 /* CFMMarkersDataSource.h */ = {isa = PBXFileReference; fileEncoding = 4; lastKnownFileType = sourcecode.c.h; name = CFMMarkersDataSource.h; path = Classes/Models/CFMMarkersDataSource.h; sourceTree = "<group>"; };
		675070371909C08900D8EFD5 /* CFMMarkersDataSource.m */ = {isa = PBXFileReference; fileEncoding = 4; lastKnownFileType = sourcecode.c.objc; name = CFMMarkersDataSource.m; path = Classes/Models/CFMMarkersDataSource.m; sourceTree = "<group>"; };
		675E8C7518EDF73E00978B50 /* ComeFindMe.app */ = {isa = PBXFileReference; explicitFileType = wrapper.application; includeInIndex = 0; path = ComeFindMe.app; sourceTree = BUILT_PRODUCTS_DIR; };
		675E8C7818EDF73E00978B50 /* Foundation.framework */ = {isa = PBXFileReference; lastKnownFileType = wrapper.framework; name = Foundation.framework; path = System/Library/Frameworks/Foundation.framework; sourceTree = SDKROOT; };
		675E8C7A18EDF73E00978B50 /* CoreGraphics.framework */ = {isa = PBXFileReference; lastKnownFileType = wrapper.framework; name = CoreGraphics.framework; path = System/Library/Frameworks/CoreGraphics.framework; sourceTree = SDKROOT; };
		675E8C7C18EDF73E00978B50 /* UIKit.framework */ = {isa = PBXFileReference; lastKnownFileType = wrapper.framework; name = UIKit.framework; path = System/Library/Frameworks/UIKit.framework; sourceTree = SDKROOT; };
		675E8C8018EDF73E00978B50 /* ComeFindMe-Info.plist */ = {isa = PBXFileReference; lastKnownFileType = text.plist.xml; path = "ComeFindMe-Info.plist"; sourceTree = "<group>"; };
		675E8C8218EDF73E00978B50 /* en */ = {isa = PBXFileReference; lastKnownFileType = text.plist.strings; name = en; path = en.lproj/InfoPlist.strings; sourceTree = "<group>"; };
		675E8C8418EDF73E00978B50 /* main.m */ = {isa = PBXFileReference; lastKnownFileType = sourcecode.c.objc; path = main.m; sourceTree = "<group>"; };
		675E8C8618EDF73E00978B50 /* ComeFindMe-Prefix.pch */ = {isa = PBXFileReference; lastKnownFileType = sourcecode.c.h; path = "ComeFindMe-Prefix.pch"; sourceTree = "<group>"; };
		675E8C8718EDF73F00978B50 /* CFMAppDelegate.h */ = {isa = PBXFileReference; lastKnownFileType = sourcecode.c.h; path = CFMAppDelegate.h; sourceTree = "<group>"; };
		675E8C8818EDF73F00978B50 /* CFMAppDelegate.m */ = {isa = PBXFileReference; lastKnownFileType = sourcecode.c.objc; path = CFMAppDelegate.m; sourceTree = "<group>"; };
		675E8C8A18EDF73F00978B50 /* Images.xcassets */ = {isa = PBXFileReference; lastKnownFileType = folder.assetcatalog; path = Images.xcassets; sourceTree = "<group>"; };
		675E8C9018EDF73F00978B50 /* ComeFindMeTests.xctest */ = {isa = PBXFileReference; explicitFileType = wrapper.cfbundle; includeInIndex = 0; path = ComeFindMeTests.xctest; sourceTree = BUILT_PRODUCTS_DIR; };
		675E8C9118EDF73F00978B50 /* XCTest.framework */ = {isa = PBXFileReference; lastKnownFileType = wrapper.framework; name = XCTest.framework; path = Library/Frameworks/XCTest.framework; sourceTree = DEVELOPER_DIR; };
		675E8C9918EDF73F00978B50 /* ComeFindMeTests-Info.plist */ = {isa = PBXFileReference; lastKnownFileType = text.plist.xml; path = "ComeFindMeTests-Info.plist"; sourceTree = "<group>"; };
		675E8C9B18EDF73F00978B50 /* en */ = {isa = PBXFileReference; lastKnownFileType = text.plist.strings; name = en; path = en.lproj/InfoPlist.strings; sourceTree = "<group>"; };
		675E8C9D18EDF73F00978B50 /* ComeFindMeTests.m */ = {isa = PBXFileReference; lastKnownFileType = sourcecode.c.objc; path = ComeFindMeTests.m; sourceTree = "<group>"; };
		675E8CA918EDFE9C00978B50 /* FacebookSDK.framework */ = {isa = PBXFileReference; lastKnownFileType = wrapper.framework; name = FacebookSDK.framework; path = ../FacebookSDK/FacebookSDK.framework; sourceTree = "<group>"; };
		675E8CAB18EE03AC00978B50 /* CFMLoginView.h */ = {isa = PBXFileReference; fileEncoding = 4; lastKnownFileType = sourcecode.c.h; name = CFMLoginView.h; path = Classes/Views/CFMLoginView.h; sourceTree = "<group>"; };
		675E8CAC18EE03AC00978B50 /* CFMLoginView.m */ = {isa = PBXFileReference; fileEncoding = 4; lastKnownFileType = sourcecode.c.objc; name = CFMLoginView.m; path = Classes/Views/CFMLoginView.m; sourceTree = "<group>"; };
		67A9D49318EFBB9B0017373B /* CFMSelectLocationView.h */ = {isa = PBXFileReference; fileEncoding = 4; lastKnownFileType = sourcecode.c.h; name = CFMSelectLocationView.h; path = Classes/Views/CFMSelectLocationView.h; sourceTree = "<group>"; };
		67A9D49418EFBB9B0017373B /* CFMSelectLocationView.m */ = {isa = PBXFileReference; fileEncoding = 4; lastKnownFileType = sourcecode.c.objc; name = CFMSelectLocationView.m; path = Classes/Views/CFMSelectLocationView.m; sourceTree = "<group>"; };
		67A9D49618EFBCA30017373B /* GoogleMaps.framework */ = {isa = PBXFileReference; lastKnownFileType = wrapper.framework; path = GoogleMaps.framework; sourceTree = "<group>"; };
		67A9D49818EFBCC90017373B /* GoogleMaps.bundle */ = {isa = PBXFileReference; lastKnownFileType = "wrapper.plug-in"; name = GoogleMaps.bundle; path = GoogleMaps.framework/Versions/A/Resources/GoogleMaps.bundle; sourceTree = "<group>"; };
		67A9D49A18EFBD0A0017373B /* AVFoundation.framework */ = {isa = PBXFileReference; lastKnownFileType = wrapper.framework; name = AVFoundation.framework; path = System/Library/Frameworks/AVFoundation.framework; sourceTree = SDKROOT; };
		67A9D49C18EFBD210017373B /* CoreLocation.framework */ = {isa = PBXFileReference; lastKnownFileType = wrapper.framework; name = CoreLocation.framework; path = System/Library/Frameworks/CoreLocation.framework; sourceTree = SDKROOT; };
		67A9D49E18EFBD2B0017373B /* CoreData.framework */ = {isa = PBXFileReference; lastKnownFileType = wrapper.framework; name = CoreData.framework; path = System/Library/Frameworks/CoreData.framework; sourceTree = SDKROOT; };
		67A9D4A018EFBD770017373B /* CoreText.framework */ = {isa = PBXFileReference; lastKnownFileType = wrapper.framework; name = CoreText.framework; path = System/Library/Frameworks/CoreText.framework; sourceTree = SDKROOT; };
		67A9D4A118EFBD770017373B /* GLKit.framework */ = {isa = PBXFileReference; lastKnownFileType = wrapper.framework; name = GLKit.framework; path = System/Library/Frameworks/GLKit.framework; sourceTree = SDKROOT; };
		67A9D4A218EFBD770017373B /* ImageIO.framework */ = {isa = PBXFileReference; lastKnownFileType = wrapper.framework; name = ImageIO.framework; path = System/Library/Frameworks/ImageIO.framework; sourceTree = SDKROOT; };
		67A9D4A318EFBD770017373B /* libc++.dylib */ = {isa = PBXFileReference; lastKnownFileType = "compiled.mach-o.dylib"; name = "libc++.dylib"; path = "usr/lib/libc++.dylib"; sourceTree = SDKROOT; };
		67A9D4A418EFBD770017373B /* libicucore.dylib */ = {isa = PBXFileReference; lastKnownFileType = "compiled.mach-o.dylib"; name = libicucore.dylib; path = usr/lib/libicucore.dylib; sourceTree = SDKROOT; };
		67A9D4A518EFBD770017373B /* libz.dylib */ = {isa = PBXFileReference; lastKnownFileType = "compiled.mach-o.dylib"; name = libz.dylib; path = usr/lib/libz.dylib; sourceTree = SDKROOT; };
		67A9D4AC18EFBD820017373B /* OpenGLES.framework */ = {isa = PBXFileReference; lastKnownFileType = wrapper.framework; name = OpenGLES.framework; path = System/Library/Frameworks/OpenGLES.framework; sourceTree = SDKROOT; };
		67A9D4AE18EFBD900017373B /* QuartzCore.framework */ = {isa = PBXFileReference; lastKnownFileType = wrapper.framework; name = QuartzCore.framework; path = System/Library/Frameworks/QuartzCore.framework; sourceTree = SDKROOT; };
		67A9D4AF18EFBD900017373B /* SystemConfiguration.framework */ = {isa = PBXFileReference; lastKnownFileType = wrapper.framework; name = SystemConfiguration.framework; path = System/Library/Frameworks/SystemConfiguration.framework; sourceTree = SDKROOT; };
		67BCEF4718F24926000853B6 /* CFMReceiveRequestView.h */ = {isa = PBXFileReference; fileEncoding = 4; lastKnownFileType = sourcecode.c.h; name = CFMReceiveRequestView.h; path = Classes/Views/CFMReceiveRequestView.h; sourceTree = "<group>"; };
		67BCEF4818F24926000853B6 /* CFMReceiveRequestView.m */ = {isa = PBXFileReference; fileEncoding = 4; lastKnownFileType = sourcecode.c.objc; name = CFMReceiveRequestView.m; path = Classes/Views/CFMReceiveRequestView.m; sourceTree = "<group>"; };
		67BCEF4B18F38F63000853B6 /* CFMRestService.h */ = {isa = PBXFileReference; fileEncoding = 4; lastKnownFileType = sourcecode.c.h; name = CFMRestService.h; path = Classes/Utilities/CFMRestService.h; sourceTree = "<group>"; };
		67BCEF4C18F38F63000853B6 /* CFMRestService.m */ = {isa = PBXFileReference; fileEncoding = 4; lastKnownFileType = sourcecode.c.objc; name = CFMRestService.m; path = Classes/Utilities/CFMRestService.m; sourceTree = "<group>"; };
		67EF031418FA297500D2A40C /* CFMNavigationViewController.h */ = {isa = PBXFileReference; fileEncoding = 4; lastKnownFileType = sourcecode.c.h; name = CFMNavigationViewController.h; path = Classes/Controllers/CFMNavigationViewController.h; sourceTree = "<group>"; };
		67EF031518FA297500D2A40C /* CFMNavigationViewController.m */ = {isa = PBXFileReference; fileEncoding = 4; lastKnownFileType = sourcecode.c.objc; name = CFMNavigationViewController.m; path = Classes/Controllers/CFMNavigationViewController.m; sourceTree = "<group>"; };
		67EF031718FA2BD100D2A40C /* CFMLoginViewController.h */ = {isa = PBXFileReference; fileEncoding = 4; lastKnownFileType = sourcecode.c.h; name = CFMLoginViewController.h; path = Classes/Controllers/CFMLoginViewController.h; sourceTree = "<group>"; };
		67EF031818FA2BD100D2A40C /* CFMLoginViewController.m */ = {isa = PBXFileReference; fileEncoding = 4; lastKnownFileType = sourcecode.c.objc; name = CFMLoginViewController.m; path = Classes/Controllers/CFMLoginViewController.m; sourceTree = "<group>"; };
		67EF031A18FB321F00D2A40C /* CFMSelectLocationViewController.h */ = {isa = PBXFileReference; fileEncoding = 4; lastKnownFileType = sourcecode.c.h; name = CFMSelectLocationViewController.h; path = Classes/Controllers/CFMSelectLocationViewController.h; sourceTree = "<group>"; };
		67EF031B18FB321F00D2A40C /* CFMSelectLocationViewController.m */ = {isa = PBXFileReference; fileEncoding = 4; lastKnownFileType = sourcecode.c.objc; name = CFMSelectLocationViewController.m; path = Classes/Controllers/CFMSelectLocationViewController.m; sourceTree = "<group>"; };
		67EF031D18FB3A1000D2A40C /* CFMSelectFriendsView.h */ = {isa = PBXFileReference; fileEncoding = 4; lastKnownFileType = sourcecode.c.h; name = CFMSelectFriendsView.h; path = Classes/Views/CFMSelectFriendsView.h; sourceTree = "<group>"; };
		67EF031E18FB3A1000D2A40C /* CFMSelectFriendsView.m */ = {isa = PBXFileReference; fileEncoding = 4; lastKnownFileType = sourcecode.c.objc; name = CFMSelectFriendsView.m; path = Classes/Views/CFMSelectFriendsView.m; sourceTree = "<group>"; };
		67EF032018FB406A00D2A40C /* CFMSelectFriendsViewController.h */ = {isa = PBXFileReference; fileEncoding = 4; lastKnownFileType = sourcecode.c.h; name = CFMSelectFriendsViewController.h; path = Classes/Controllers/CFMSelectFriendsViewController.h; sourceTree = "<group>"; };
		67EF032118FB406A00D2A40C /* CFMSelectFriendsViewController.m */ = {isa = PBXFileReference; fileEncoding = 4; lastKnownFileType = sourcecode.c.objc; name = CFMSelectFriendsViewController.m; path = Classes/Controllers/CFMSelectFriendsViewController.m; sourceTree = "<group>"; };
		67EF032418FCD74200D2A40C /* CFMBadgeView.h */ = {isa = PBXFileReference; fileEncoding = 4; lastKnownFileType = sourcecode.c.h; name = CFMBadgeView.h; path = Classes/Controls/CFMBadgeView.h; sourceTree = "<group>"; };
		67EF032518FCD74200D2A40C /* CFMBadgeView.m */ = {isa = PBXFileReference; fileEncoding = 4; lastKnownFileType = sourcecode.c.objc; name = CFMBadgeView.m; path = Classes/Controls/CFMBadgeView.m; sourceTree = "<group>"; };
		67EF032A18FCEAD100D2A40C /* CFMMessagesButton.h */ = {isa = PBXFileReference; fileEncoding = 4; lastKnownFileType = sourcecode.c.h; name = CFMMessagesButton.h; path = Classes/Controls/CFMMessagesButton.h; sourceTree = "<group>"; };
		67EF032B18FCEAD100D2A40C /* CFMMessagesButton.m */ = {isa = PBXFileReference; fileEncoding = 4; lastKnownFileType = sourcecode.c.objc; name = CFMMessagesButton.m; path = Classes/Controls/CFMMessagesButton.m; sourceTree = "<group>"; };
		67EF032E18FCEE5900D2A40C /* glyphicons_114_list.png */ = {isa = PBXFileReference; lastKnownFileType = image.png; path = glyphicons_114_list.png; sourceTree = "<group>"; };
		67EF03371902A31200D2A40C /* CFMMessagesViewController.h */ = {isa = PBXFileReference; fileEncoding = 4; lastKnownFileType = sourcecode.c.h; name = CFMMessagesViewController.h; path = Classes/Controllers/CFMMessagesViewController.h; sourceTree = "<group>"; };
		67EF03381902A31200D2A40C /* CFMMessagesViewController.m */ = {isa = PBXFileReference; fileEncoding = 4; lastKnownFileType = sourcecode.c.objc; name = CFMMessagesViewController.m; path = Classes/Controllers/CFMMessagesViewController.m; sourceTree = "<group>"; };
		67EF033A1902A49000D2A40C /* CFMMessagesDataSource.h */ = {isa = PBXFileReference; fileEncoding = 4; lastKnownFileType = sourcecode.c.h; name = CFMMessagesDataSource.h; path = Classes/Models/CFMMessagesDataSource.h; sourceTree = "<group>"; };
		67EF033B1902A49000D2A40C /* CFMMessagesDataSource.m */ = {isa = PBXFileReference; fileEncoding = 4; lastKnownFileType = sourcecode.c.objc; name = CFMMessagesDataSource.m; path = Classes/Models/CFMMessagesDataSource.m; sourceTree = "<group>"; };
		67EF033D19039AA000D2A40C /* glyphicons_345_hand_right.png */ = {isa = PBXFileReference; lastKnownFileType = image.png; path = glyphicons_345_hand_right.png; sourceTree = "<group>"; };
		67EF033E19039AA000D2A40C /* glyphicons_346_hand_left.png */ = {isa = PBXFileReference; lastKnownFileType = image.png; path = glyphicons_346_hand_left.png; sourceTree = "<group>"; };
		67EF03411904A85A00D2A40C /* CFMReceiveRequestViewController.h */ = {isa = PBXFileReference; fileEncoding = 4; lastKnownFileType = sourcecode.c.h; name = CFMReceiveRequestViewController.h; path = Classes/Controllers/CFMReceiveRequestViewController.h; sourceTree = "<group>"; };
		67EF03421904A85A00D2A40C /* CFMReceiveRequestViewController.m */ = {isa = PBXFileReference; fileEncoding = 4; lastKnownFileType = sourcecode.c.objc; name = CFMReceiveRequestViewController.m; path = Classes/Controllers/CFMReceiveRequestViewController.m; sourceTree = "<group>"; };
		67EF03441904ADD300D2A40C /* CFMUser.h */ = {isa = PBXFileReference; fileEncoding = 4; lastKnownFileType = sourcecode.c.h; name = CFMUser.h; path = Classes/Models/CFMUser.h; sourceTree = "<group>"; };
		67EF03451904ADD300D2A40C /* CFMUser.m */ = {isa = PBXFileReference; fileEncoding = 4; lastKnownFileType = sourcecode.c.objc; name = CFMUser.m; path = Classes/Models/CFMUser.m; sourceTree = "<group>"; };
		67EF03471904DAA000D2A40C /* CFMSettingsView.h */ = {isa = PBXFileReference; fileEncoding = 4; lastKnownFileType = sourcecode.c.h; name = CFMSettingsView.h; path = Classes/Views/CFMSettingsView.h; sourceTree = "<group>"; };
		67EF03481904DAA000D2A40C /* CFMSettingsView.m */ = {isa = PBXFileReference; fileEncoding = 4; lastKnownFileType = sourcecode.c.objc; name = CFMSettingsView.m; path = Classes/Views/CFMSettingsView.m; sourceTree = "<group>"; };
		67EF034A1904DC3700D2A40C /* CFMSettingsViewController.h */ = {isa = PBXFileReference; fileEncoding = 4; lastKnownFileType = sourcecode.c.h; name = CFMSettingsViewController.h; path = Classes/Controllers/CFMSettingsViewController.h; sourceTree = "<group>"; };
		67EF034B1904DC3700D2A40C /* CFMSettingsViewController.m */ = {isa = PBXFileReference; fileEncoding = 4; lastKnownFileType = sourcecode.c.objc; name = CFMSettingsViewController.m; path = Classes/Controllers/CFMSettingsViewController.m; sourceTree = "<group>"; };
		67EF034D1904DE3300D2A40C /* glyphicons_070_umbrella.png */ = {isa = PBXFileReference; lastKnownFileType = image.png; path = glyphicons_070_umbrella.png; sourceTree = "<group>"; };
		67EF034F1905525100D2A40C /* CFMSentRequestView.h */ = {isa = PBXFileReference; fileEncoding = 4; lastKnownFileType = sourcecode.c.h; name = CFMSentRequestView.h; path = Classes/Views/CFMSentRequestView.h; sourceTree = "<group>"; };
		67EF03501905525100D2A40C /* CFMSentRequestView.m */ = {isa = PBXFileReference; fileEncoding = 4; lastKnownFileType = sourcecode.c.objc; name = CFMSentRequestView.m; path = Classes/Views/CFMSentRequestView.m; sourceTree = "<group>"; };
		67EF0352190554B100D2A40C /* CFMSentRequestViewController.h */ = {isa = PBXFileReference; fileEncoding = 4; lastKnownFileType = sourcecode.c.h; name = CFMSentRequestViewController.h; path = Classes/Controllers/CFMSentRequestViewController.h; sourceTree = "<group>"; };
		67EF0353190554B100D2A40C /* CFMSentRequestViewController.m */ = {isa = PBXFileReference; fileEncoding = 4; lastKnownFileType = sourcecode.c.objc; name = CFMSentRequestViewController.m; path = Classes/Controllers/CFMSentRequestViewController.m; sourceTree = "<group>"; };
		67EF035519055D7000D2A40C /* CFMFriendsDataSource.h */ = {isa = PBXFileReference; fileEncoding = 4; lastKnownFileType = sourcecode.c.h; name = CFMFriendsDataSource.h; path = Classes/Models/CFMFriendsDataSource.h; sourceTree = "<group>"; };
		67EF035619055D7000D2A40C /* CFMFriendsDataSource.m */ = {isa = PBXFileReference; fileEncoding = 4; lastKnownFileType = sourcecode.c.objc; name = CFMFriendsDataSource.m; path = Classes/Models/CFMFriendsDataSource.m; sourceTree = "<group>"; };
		67EF035819057E0C00D2A40C /* CFMLocation.h */ = {isa = PBXFileReference; fileEncoding = 4; lastKnownFileType = sourcecode.c.h; name = CFMLocation.h; path = Classes/Models/CFMLocation.h; sourceTree = "<group>"; };
		67EF035919057E0C00D2A40C /* CFMLocation.m */ = {isa = PBXFileReference; fileEncoding = 4; lastKnownFileType = sourcecode.c.objc; name = CFMLocation.m; path = Classes/Models/CFMLocation.m; sourceTree = "<group>"; };
/* End PBXFileReference section */

/* Begin PBXFrameworksBuildPhase section */
		675E8C7218EDF73E00978B50 /* Frameworks */ = {
			isa = PBXFrameworksBuildPhase;
			buildActionMask = 2147483647;
			files = (
				67A9D4B018EFBD900017373B /* QuartzCore.framework in Frameworks */,
				67A9D4B118EFBD900017373B /* SystemConfiguration.framework in Frameworks */,
				67A9D4AD18EFBD820017373B /* OpenGLES.framework in Frameworks */,
				67A9D4A618EFBD770017373B /* CoreText.framework in Frameworks */,
				67A9D4A718EFBD770017373B /* GLKit.framework in Frameworks */,
				67A9D4A818EFBD770017373B /* ImageIO.framework in Frameworks */,
				67A9D4A918EFBD770017373B /* libc++.dylib in Frameworks */,
				67A9D4AA18EFBD770017373B /* libicucore.dylib in Frameworks */,
				67A9D4AB18EFBD770017373B /* libz.dylib in Frameworks */,
				67A9D49F18EFBD2B0017373B /* CoreData.framework in Frameworks */,
				67A9D49D18EFBD210017373B /* CoreLocation.framework in Frameworks */,
				67A9D49B18EFBD0A0017373B /* AVFoundation.framework in Frameworks */,
				675E8C7B18EDF73E00978B50 /* CoreGraphics.framework in Frameworks */,
				675E8CAA18EDFE9C00978B50 /* FacebookSDK.framework in Frameworks */,
				675E8C7D18EDF73E00978B50 /* UIKit.framework in Frameworks */,
				67A9D49718EFBCA30017373B /* GoogleMaps.framework in Frameworks */,
				675E8C7918EDF73E00978B50 /* Foundation.framework in Frameworks */,
			);
			runOnlyForDeploymentPostprocessing = 0;
		};
		675E8C8D18EDF73F00978B50 /* Frameworks */ = {
			isa = PBXFrameworksBuildPhase;
			buildActionMask = 2147483647;
			files = (
				675E8C9218EDF73F00978B50 /* XCTest.framework in Frameworks */,
				675E8C9418EDF73F00978B50 /* UIKit.framework in Frameworks */,
				675E8C9318EDF73F00978B50 /* Foundation.framework in Frameworks */,
			);
			runOnlyForDeploymentPostprocessing = 0;
		};
/* End PBXFrameworksBuildPhase section */

/* Begin PBXGroup section */
		6750701C190823FE00D8EFD5 /* glyphish */ = {
			isa = PBXGroup;
			children = (
				6750701D1908240B00D8EFD5 /* 07-map-marker.png */,
				67507031190825E600D8EFD5 /* 12-eye.png */,
				6750701E1908240B00D8EFD5 /* 19-gear.png */,
				6750701F1908240B00D8EFD5 /* 63-runner_left.png */,
				675070201908240B00D8EFD5 /* 63-runner.png */,
				675070211908240B00D8EFD5 /* 71-compass.png */,
				675070221908240B00D8EFD5 /* 73-radar.png */,
				675070231908240B00D8EFD5 /* 74-location.png */,
				675070241908240C00D8EFD5 /* 103-map.png */,
				675070251908240C00D8EFD5 /* 104-index-cards.png */,
				675070261908240C00D8EFD5 /* 193-location-arrow.png */,
			);
			name = glyphish;
			sourceTree = "<group>";
		};
		675E8C6C18EDF73E00978B50 = {
			isa = PBXGroup;
			children = (
				675E8C7E18EDF73E00978B50 /* ComeFindMe */,
				675E8C9718EDF73F00978B50 /* ComeFindMeTests */,
				675E8C7718EDF73E00978B50 /* Frameworks */,
				675E8C7618EDF73E00978B50 /* Products */,
			);
			sourceTree = "<group>";
		};
		675E8C7618EDF73E00978B50 /* Products */ = {
			isa = PBXGroup;
			children = (
				675E8C7518EDF73E00978B50 /* ComeFindMe.app */,
				675E8C9018EDF73F00978B50 /* ComeFindMeTests.xctest */,
			);
			name = Products;
			sourceTree = "<group>";
		};
		675E8C7718EDF73E00978B50 /* Frameworks */ = {
			isa = PBXGroup;
			children = (
				67A9D4AE18EFBD900017373B /* QuartzCore.framework */,
				67A9D4AF18EFBD900017373B /* SystemConfiguration.framework */,
				67A9D4AC18EFBD820017373B /* OpenGLES.framework */,
				67A9D4A018EFBD770017373B /* CoreText.framework */,
				67A9D4A118EFBD770017373B /* GLKit.framework */,
				67A9D4A218EFBD770017373B /* ImageIO.framework */,
				67A9D4A318EFBD770017373B /* libc++.dylib */,
				67A9D4A418EFBD770017373B /* libicucore.dylib */,
				67A9D4A518EFBD770017373B /* libz.dylib */,
				67A9D49E18EFBD2B0017373B /* CoreData.framework */,
				67A9D49C18EFBD210017373B /* CoreLocation.framework */,
				67A9D49A18EFBD0A0017373B /* AVFoundation.framework */,
				67A9D49818EFBCC90017373B /* GoogleMaps.bundle */,
				67A9D49618EFBCA30017373B /* GoogleMaps.framework */,
				675E8CA918EDFE9C00978B50 /* FacebookSDK.framework */,
				675E8C7818EDF73E00978B50 /* Foundation.framework */,
				675E8C7A18EDF73E00978B50 /* CoreGraphics.framework */,
				675E8C7C18EDF73E00978B50 /* UIKit.framework */,
				675E8C9118EDF73F00978B50 /* XCTest.framework */,
			);
			name = Frameworks;
			sourceTree = "<group>";
		};
		675E8C7E18EDF73E00978B50 /* ComeFindMe */ = {
			isa = PBXGroup;
			children = (
				675E8CA718EDF77800978B50 /* Classes */,
				675E8C8718EDF73F00978B50 /* CFMAppDelegate.h */,
				675E8C8818EDF73F00978B50 /* CFMAppDelegate.m */,
				675E8C8A18EDF73F00978B50 /* Images.xcassets */,
				675E8C7F18EDF73E00978B50 /* Supporting Files */,
			);
			path = ComeFindMe;
			sourceTree = "<group>";
		};
		675E8C7F18EDF73E00978B50 /* Supporting Files */ = {
			isa = PBXGroup;
			children = (
				6750701C190823FE00D8EFD5 /* glyphish */,
				67EF032D18FCEE5900D2A40C /* glyphicons */,
				675E8C8018EDF73E00978B50 /* ComeFindMe-Info.plist */,
				675E8C8118EDF73E00978B50 /* InfoPlist.strings */,
				675E8C8418EDF73E00978B50 /* main.m */,
				675E8C8618EDF73E00978B50 /* ComeFindMe-Prefix.pch */,
			);
			name = "Supporting Files";
			sourceTree = "<group>";
		};
		675E8C9718EDF73F00978B50 /* ComeFindMeTests */ = {
			isa = PBXGroup;
			children = (
				675E8C9D18EDF73F00978B50 /* ComeFindMeTests.m */,
				675E8C9818EDF73F00978B50 /* Supporting Files */,
			);
			path = ComeFindMeTests;
			sourceTree = "<group>";
		};
		675E8C9818EDF73F00978B50 /* Supporting Files */ = {
			isa = PBXGroup;
			children = (
				675E8C9918EDF73F00978B50 /* ComeFindMeTests-Info.plist */,
				675E8C9A18EDF73F00978B50 /* InfoPlist.strings */,
			);
			name = "Supporting Files";
			sourceTree = "<group>";
		};
		675E8CA718EDF77800978B50 /* Classes */ = {
			isa = PBXGroup;
			children = (
				67EF033018FDF74400D2A40C /* Models */,
				67EF032318FCD6BA00D2A40C /* Controls */,
				67EF031318FA290000D2A40C /* Controllers */,
				675E8CA818EDF78300978B50 /* Views */,
				67BCEF4A18F38F0A000853B6 /* Utilities */,
			);
			name = Classes;
			sourceTree = "<group>";
		};
		675E8CA818EDF78300978B50 /* Views */ = {
			isa = PBXGroup;
			children = (
				675E8CAB18EE03AC00978B50 /* CFMLoginView.h */,
				675E8CAC18EE03AC00978B50 /* CFMLoginView.m */,
				67A9D49318EFBB9B0017373B /* CFMSelectLocationView.h */,
				67A9D49418EFBB9B0017373B /* CFMSelectLocationView.m */,
				67BCEF4718F24926000853B6 /* CFMReceiveRequestView.h */,
				67BCEF4818F24926000853B6 /* CFMReceiveRequestView.m */,
				67EF031D18FB3A1000D2A40C /* CFMSelectFriendsView.h */,
				67EF031E18FB3A1000D2A40C /* CFMSelectFriendsView.m */,
				67EF03471904DAA000D2A40C /* CFMSettingsView.h */,
				67EF03481904DAA000D2A40C /* CFMSettingsView.m */,
				67EF034F1905525100D2A40C /* CFMSentRequestView.h */,
				67EF03501905525100D2A40C /* CFMSentRequestView.m */,
			);
			name = Views;
			sourceTree = "<group>";
		};
		67BCEF4A18F38F0A000853B6 /* Utilities */ = {
			isa = PBXGroup;
			children = (
				67BCEF4B18F38F63000853B6 /* CFMRestService.h */,
				67BCEF4C18F38F63000853B6 /* CFMRestService.m */,
			);
			name = Utilities;
			sourceTree = "<group>";
		};
		67EF031318FA290000D2A40C /* Controllers */ = {
			isa = PBXGroup;
			children = (
				67EF031418FA297500D2A40C /* CFMNavigationViewController.h */,
				67EF031518FA297500D2A40C /* CFMNavigationViewController.m */,
				67EF031718FA2BD100D2A40C /* CFMLoginViewController.h */,
				67EF031818FA2BD100D2A40C /* CFMLoginViewController.m */,
				67EF031A18FB321F00D2A40C /* CFMSelectLocationViewController.h */,
				67EF031B18FB321F00D2A40C /* CFMSelectLocationViewController.m */,
				67EF032018FB406A00D2A40C /* CFMSelectFriendsViewController.h */,
				67EF032118FB406A00D2A40C /* CFMSelectFriendsViewController.m */,
				67EF03371902A31200D2A40C /* CFMMessagesViewController.h */,
				67EF03381902A31200D2A40C /* CFMMessagesViewController.m */,
				67EF03411904A85A00D2A40C /* CFMReceiveRequestViewController.h */,
				67EF03421904A85A00D2A40C /* CFMReceiveRequestViewController.m */,
				67EF034A1904DC3700D2A40C /* CFMSettingsViewController.h */,
				67EF034B1904DC3700D2A40C /* CFMSettingsViewController.m */,
				67EF0352190554B100D2A40C /* CFMSentRequestViewController.h */,
				67EF0353190554B100D2A40C /* CFMSentRequestViewController.m */,
			);
			name = Controllers;
			sourceTree = "<group>";
		};
		67EF032318FCD6BA00D2A40C /* Controls */ = {
			isa = PBXGroup;
			children = (
				67EF032418FCD74200D2A40C /* CFMBadgeView.h */,
				67EF032518FCD74200D2A40C /* CFMBadgeView.m */,
				67EF032A18FCEAD100D2A40C /* CFMMessagesButton.h */,
				67EF032B18FCEAD100D2A40C /* CFMMessagesButton.m */,
			);
			name = Controls;
			sourceTree = "<group>";
		};
		67EF032D18FCEE5900D2A40C /* glyphicons */ = {
			isa = PBXGroup;
			children = (
				67EF034D1904DE3300D2A40C /* glyphicons_070_umbrella.png */,
				67EF033D19039AA000D2A40C /* glyphicons_345_hand_right.png */,
				67EF033E19039AA000D2A40C /* glyphicons_346_hand_left.png */,
				67EF032E18FCEE5900D2A40C /* glyphicons_114_list.png */,
			);
			path = glyphicons;
			sourceTree = "<group>";
		};
		67EF033018FDF74400D2A40C /* Models */ = {
			isa = PBXGroup;
			children = (
				67EF033A1902A49000D2A40C /* CFMMessagesDataSource.h */,
				67EF033B1902A49000D2A40C /* CFMMessagesDataSource.m */,
				67EF03441904ADD300D2A40C /* CFMUser.h */,
				67EF03451904ADD300D2A40C /* CFMUser.m */,
				67EF035519055D7000D2A40C /* CFMFriendsDataSource.h */,
				67EF035619055D7000D2A40C /* CFMFriendsDataSource.m */,
				67EF035819057E0C00D2A40C /* CFMLocation.h */,
				67EF035919057E0C00D2A40C /* CFMLocation.m */,
				675070191906F1E400D8EFD5 /* CFMMessage.h */,
				6750701A1906F1E400D8EFD5 /* CFMMessage.m */,
				675070331908BA4800D8EFD5 /* CFMBroadcast.h */,
				675070341908BA4800D8EFD5 /* CFMBroadcast.m */,
				675070361909C08900D8EFD5 /* CFMMarkersDataSource.h */,
				675070371909C08900D8EFD5 /* CFMMarkersDataSource.m */,
			);
			name = Models;
			sourceTree = "<group>";
		};
/* End PBXGroup section */

/* Begin PBXNativeTarget section */
		675E8C7418EDF73E00978B50 /* ComeFindMe */ = {
			isa = PBXNativeTarget;
			buildConfigurationList = 675E8CA118EDF73F00978B50 /* Build configuration list for PBXNativeTarget "ComeFindMe" */;
			buildPhases = (
				675E8C7118EDF73E00978B50 /* Sources */,
				675E8C7218EDF73E00978B50 /* Frameworks */,
				675E8C7318EDF73E00978B50 /* Resources */,
			);
			buildRules = (
			);
			dependencies = (
			);
			name = ComeFindMe;
			productName = ComeFindMe;
			productReference = 675E8C7518EDF73E00978B50 /* ComeFindMe.app */;
			productType = "com.apple.product-type.application";
		};
		675E8C8F18EDF73F00978B50 /* ComeFindMeTests */ = {
			isa = PBXNativeTarget;
			buildConfigurationList = 675E8CA418EDF73F00978B50 /* Build configuration list for PBXNativeTarget "ComeFindMeTests" */;
			buildPhases = (
				675E8C8C18EDF73F00978B50 /* Sources */,
				675E8C8D18EDF73F00978B50 /* Frameworks */,
				675E8C8E18EDF73F00978B50 /* Resources */,
			);
			buildRules = (
			);
			dependencies = (
				675E8C9618EDF73F00978B50 /* PBXTargetDependency */,
			);
			name = ComeFindMeTests;
			productName = ComeFindMeTests;
			productReference = 675E8C9018EDF73F00978B50 /* ComeFindMeTests.xctest */;
			productType = "com.apple.product-type.bundle.unit-test";
		};
/* End PBXNativeTarget section */

/* Begin PBXProject section */
		675E8C6D18EDF73E00978B50 /* Project object */ = {
			isa = PBXProject;
			attributes = {
				CLASSPREFIX = CFM;
				LastUpgradeCheck = 0510;
				ORGANIZATIONNAME = "Travis Elnicky";
				TargetAttributes = {
					675E8C8F18EDF73F00978B50 = {
						TestTargetID = 675E8C7418EDF73E00978B50;
					};
				};
			};
			buildConfigurationList = 675E8C7018EDF73E00978B50 /* Build configuration list for PBXProject "ComeFindMe" */;
			compatibilityVersion = "Xcode 3.2";
			developmentRegion = English;
			hasScannedForEncodings = 0;
			knownRegions = (
				en,
			);
			mainGroup = 675E8C6C18EDF73E00978B50;
			productRefGroup = 675E8C7618EDF73E00978B50 /* Products */;
			projectDirPath = "";
			projectRoot = "";
			targets = (
				675E8C7418EDF73E00978B50 /* ComeFindMe */,
				675E8C8F18EDF73F00978B50 /* ComeFindMeTests */,
			);
		};
/* End PBXProject section */

/* Begin PBXResourcesBuildPhase section */
		675E8C7318EDF73E00978B50 /* Resources */ = {
			isa = PBXResourcesBuildPhase;
			buildActionMask = 2147483647;
			files = (
				6750702B1908240C00D8EFD5 /* 71-compass.png in Resources */,
				6750702E1908240C00D8EFD5 /* 103-map.png in Resources */,
				67507032190825E600D8EFD5 /* 12-eye.png in Resources */,
				67A9D49918EFBCCA0017373B /* GoogleMaps.bundle in Resources */,
				675070291908240C00D8EFD5 /* 63-runner_left.png in Resources */,
				67EF033F19039AA000D2A40C /* glyphicons_345_hand_right.png in Resources */,
				675E8C8318EDF73E00978B50 /* InfoPlist.strings in Resources */,
				675070281908240C00D8EFD5 /* 19-gear.png in Resources */,
				67EF032F18FCEE5900D2A40C /* glyphicons_114_list.png in Resources */,
				675E8C8B18EDF73F00978B50 /* Images.xcassets in Resources */,
				675070271908240C00D8EFD5 /* 07-map-marker.png in Resources */,
				6750702F1908240C00D8EFD5 /* 104-index-cards.png in Resources */,
				675070301908240C00D8EFD5 /* 193-location-arrow.png in Resources */,
				67EF034019039AA000D2A40C /* glyphicons_346_hand_left.png in Resources */,
				6750702C1908240C00D8EFD5 /* 73-radar.png in Resources */,
				67EF034E1904DE3300D2A40C /* glyphicons_070_umbrella.png in Resources */,
				6750702A1908240C00D8EFD5 /* 63-runner.png in Resources */,
				6750702D1908240C00D8EFD5 /* 74-location.png in Resources */,
			);
			runOnlyForDeploymentPostprocessing = 0;
		};
		675E8C8E18EDF73F00978B50 /* Resources */ = {
			isa = PBXResourcesBuildPhase;
			buildActionMask = 2147483647;
			files = (
				675E8C9C18EDF73F00978B50 /* InfoPlist.strings in Resources */,
			);
			runOnlyForDeploymentPostprocessing = 0;
		};
/* End PBXResourcesBuildPhase section */

/* Begin PBXSourcesBuildPhase section */
		675E8C7118EDF73E00978B50 /* Sources */ = {
			isa = PBXSourcesBuildPhase;
			buildActionMask = 2147483647;
			files = (
				67A9D49518EFBB9B0017373B /* CFMSelectLocationView.m in Sources */,
				67EF03511905525100D2A40C /* CFMSentRequestView.m in Sources */,
				67EF031918FA2BD100D2A40C /* CFMLoginViewController.m in Sources */,
				67EF03431904A85A00D2A40C /* CFMReceiveRequestViewController.m in Sources */,
				67EF03391902A31200D2A40C /* CFMMessagesViewController.m in Sources */,
				67EF034C1904DC3700D2A40C /* CFMSettingsViewController.m in Sources */,
				67EF0354190554B100D2A40C /* CFMSentRequestViewController.m in Sources */,
				67BCEF4918F24926000853B6 /* CFMReceiveRequestView.m in Sources */,
				67EF031C18FB321F00D2A40C /* CFMSelectLocationViewController.m in Sources */,
				67EF032C18FCEAD100D2A40C /* CFMMessagesButton.m in Sources */,
				67EF033C1902A49000D2A40C /* CFMMessagesDataSource.m in Sources */,
				675E8C8518EDF73E00978B50 /* main.m in Sources */,
				67EF035719055D7000D2A40C /* CFMFriendsDataSource.m in Sources */,
				6750701B1906F1E400D8EFD5 /* CFMMessage.m in Sources */,
				67EF032618FCD74200D2A40C /* CFMBadgeView.m in Sources */,
				67EF031618FA297500D2A40C /* CFMNavigationViewController.m in Sources */,
				675E8CAD18EE03AC00978B50 /* CFMLoginView.m in Sources */,
				675070381909C08900D8EFD5 /* CFMMarkersDataSource.m in Sources */,
				675070351908BA4800D8EFD5 /* CFMBroadcast.m in Sources */,
				67EF03491904DAA000D2A40C /* CFMSettingsView.m in Sources */,
				67BCEF4D18F38F63000853B6 /* CFMRestService.m in Sources */,
				675E8C8918EDF73F00978B50 /* CFMAppDelegate.m in Sources */,
				67EF03461904ADD300D2A40C /* CFMUser.m in Sources */,
				67EF035A19057E0C00D2A40C /* CFMLocation.m in Sources */,
				67EF032218FB406A00D2A40C /* CFMSelectFriendsViewController.m in Sources */,
				67EF031F18FB3A1000D2A40C /* CFMSelectFriendsView.m in Sources */,
			);
			runOnlyForDeploymentPostprocessing = 0;
		};
		675E8C8C18EDF73F00978B50 /* Sources */ = {
			isa = PBXSourcesBuildPhase;
			buildActionMask = 2147483647;
			files = (
				675E8C9E18EDF73F00978B50 /* ComeFindMeTests.m in Sources */,
			);
			runOnlyForDeploymentPostprocessing = 0;
		};
/* End PBXSourcesBuildPhase section */

/* Begin PBXTargetDependency section */
		675E8C9618EDF73F00978B50 /* PBXTargetDependency */ = {
			isa = PBXTargetDependency;
			target = 675E8C7418EDF73E00978B50 /* ComeFindMe */;
			targetProxy = 675E8C9518EDF73F00978B50 /* PBXContainerItemProxy */;
		};
/* End PBXTargetDependency section */

/* Begin PBXVariantGroup section */
		675E8C8118EDF73E00978B50 /* InfoPlist.strings */ = {
			isa = PBXVariantGroup;
			children = (
				675E8C8218EDF73E00978B50 /* en */,
			);
			name = InfoPlist.strings;
			sourceTree = "<group>";
		};
		675E8C9A18EDF73F00978B50 /* InfoPlist.strings */ = {
			isa = PBXVariantGroup;
			children = (
				675E8C9B18EDF73F00978B50 /* en */,
			);
			name = InfoPlist.strings;
			sourceTree = "<group>";
		};
/* End PBXVariantGroup section */

/* Begin XCBuildConfiguration section */
		675E8C9F18EDF73F00978B50 /* Debug */ = {
			isa = XCBuildConfiguration;
			buildSettings = {
				ALWAYS_SEARCH_USER_PATHS = NO;
				CLANG_CXX_LANGUAGE_STANDARD = "gnu++0x";
				CLANG_CXX_LIBRARY = "libc++";
				CLANG_ENABLE_MODULES = YES;
				CLANG_ENABLE_OBJC_ARC = YES;
				CLANG_WARN_BOOL_CONVERSION = YES;
				CLANG_WARN_CONSTANT_CONVERSION = YES;
				CLANG_WARN_DIRECT_OBJC_ISA_USAGE = YES_ERROR;
				CLANG_WARN_EMPTY_BODY = YES;
				CLANG_WARN_ENUM_CONVERSION = YES;
				CLANG_WARN_INT_CONVERSION = YES;
				CLANG_WARN_OBJC_ROOT_CLASS = YES_ERROR;
				CLANG_WARN__DUPLICATE_METHOD_MATCH = YES;
				"CODE_SIGN_IDENTITY[sdk=iphoneos*]" = "iPhone Developer";
				COPY_PHASE_STRIP = NO;
				GCC_C_LANGUAGE_STANDARD = gnu99;
				GCC_DYNAMIC_NO_PIC = NO;
				GCC_OPTIMIZATION_LEVEL = 0;
				GCC_PREPROCESSOR_DEFINITIONS = (
					"DEBUG=1",
					"$(inherited)",
				);
				GCC_SYMBOLS_PRIVATE_EXTERN = NO;
				GCC_WARN_64_TO_32_BIT_CONVERSION = YES;
				GCC_WARN_ABOUT_RETURN_TYPE = YES_ERROR;
				GCC_WARN_UNDECLARED_SELECTOR = YES;
				GCC_WARN_UNINITIALIZED_AUTOS = YES_AGGRESSIVE;
				GCC_WARN_UNUSED_FUNCTION = YES;
				GCC_WARN_UNUSED_VARIABLE = YES;
				IPHONEOS_DEPLOYMENT_TARGET = 7.1;
				ONLY_ACTIVE_ARCH = YES;
				OTHER_LDFLAGS = "-ObjC";
				SDKROOT = iphoneos;
				TARGETED_DEVICE_FAMILY = "1,2";
			};
			name = Debug;
		};
		675E8CA018EDF73F00978B50 /* Release */ = {
			isa = XCBuildConfiguration;
			buildSettings = {
				ALWAYS_SEARCH_USER_PATHS = NO;
				CLANG_CXX_LANGUAGE_STANDARD = "gnu++0x";
				CLANG_CXX_LIBRARY = "libc++";
				CLANG_ENABLE_MODULES = YES;
				CLANG_ENABLE_OBJC_ARC = YES;
				CLANG_WARN_BOOL_CONVERSION = YES;
				CLANG_WARN_CONSTANT_CONVERSION = YES;
				CLANG_WARN_DIRECT_OBJC_ISA_USAGE = YES_ERROR;
				CLANG_WARN_EMPTY_BODY = YES;
				CLANG_WARN_ENUM_CONVERSION = YES;
				CLANG_WARN_INT_CONVERSION = YES;
				CLANG_WARN_OBJC_ROOT_CLASS = YES_ERROR;
				CLANG_WARN__DUPLICATE_METHOD_MATCH = YES;
				"CODE_SIGN_IDENTITY[sdk=iphoneos*]" = "iPhone Developer";
				COPY_PHASE_STRIP = YES;
				ENABLE_NS_ASSERTIONS = NO;
				GCC_C_LANGUAGE_STANDARD = gnu99;
				GCC_WARN_64_TO_32_BIT_CONVERSION = YES;
				GCC_WARN_ABOUT_RETURN_TYPE = YES_ERROR;
				GCC_WARN_UNDECLARED_SELECTOR = YES;
				GCC_WARN_UNINITIALIZED_AUTOS = YES_AGGRESSIVE;
				GCC_WARN_UNUSED_FUNCTION = YES;
				GCC_WARN_UNUSED_VARIABLE = YES;
				IPHONEOS_DEPLOYMENT_TARGET = 7.1;
				OTHER_LDFLAGS = "-ObjC";
				SDKROOT = iphoneos;
				TARGETED_DEVICE_FAMILY = "1,2";
				VALIDATE_PRODUCT = YES;
			};
			name = Release;
		};
		675E8CA218EDF73F00978B50 /* Debug */ = {
			isa = XCBuildConfiguration;
			buildSettings = {
				ASSETCATALOG_COMPILER_APPICON_NAME = AppIcon;
				ASSETCATALOG_COMPILER_LAUNCHIMAGE_NAME = LaunchImage;
				FRAMEWORK_SEARCH_PATHS = (
					"$(inherited)",
					/Users/elnicky/Code/FacebookSDK,
					"$(PROJECT_DIR)",
				);
				GCC_PRECOMPILE_PREFIX_HEADER = YES;
				GCC_PREFIX_HEADER = "ComeFindMe/ComeFindMe-Prefix.pch";
				INFOPLIST_FILE = "ComeFindMe/ComeFindMe-Info.plist";
				PRODUCT_NAME = "$(TARGET_NAME)";
				WRAPPER_EXTENSION = app;
			};
			name = Debug;
		};
		675E8CA318EDF73F00978B50 /* Release */ = {
			isa = XCBuildConfiguration;
			buildSettings = {
				ASSETCATALOG_COMPILER_APPICON_NAME = AppIcon;
				ASSETCATALOG_COMPILER_LAUNCHIMAGE_NAME = LaunchImage;
				FRAMEWORK_SEARCH_PATHS = (
					"$(inherited)",
					/Users/elnicky/Code/FacebookSDK,
					"$(PROJECT_DIR)",
				);
				GCC_PRECOMPILE_PREFIX_HEADER = YES;
				GCC_PREFIX_HEADER = "ComeFindMe/ComeFindMe-Prefix.pch";
				INFOPLIST_FILE = "ComeFindMe/ComeFindMe-Info.plist";
				PRODUCT_NAME = "$(TARGET_NAME)";
				WRAPPER_EXTENSION = app;
			};
			name = Release;
		};
		675E8CA518EDF73F00978B50 /* Debug */ = {
			isa = XCBuildConfiguration;
			buildSettings = {
				BUNDLE_LOADER = "$(BUILT_PRODUCTS_DIR)/ComeFindMe.app/ComeFindMe";
				FRAMEWORK_SEARCH_PATHS = (
					"$(SDKROOT)/Developer/Library/Frameworks",
					"$(inherited)",
					"$(DEVELOPER_FRAMEWORKS_DIR)",
				);
				GCC_PRECOMPILE_PREFIX_HEADER = YES;
				GCC_PREFIX_HEADER = "ComeFindMe/ComeFindMe-Prefix.pch";
				GCC_PREPROCESSOR_DEFINITIONS = (
					"DEBUG=1",
					"$(inherited)",
				);
				INFOPLIST_FILE = "ComeFindMeTests/ComeFindMeTests-Info.plist";
				PRODUCT_NAME = "$(TARGET_NAME)";
				TEST_HOST = "$(BUNDLE_LOADER)";
				WRAPPER_EXTENSION = xctest;
			};
			name = Debug;
		};
		675E8CA618EDF73F00978B50 /* Release */ = {
			isa = XCBuildConfiguration;
			buildSettings = {
				BUNDLE_LOADER = "$(BUILT_PRODUCTS_DIR)/ComeFindMe.app/ComeFindMe";
				FRAMEWORK_SEARCH_PATHS = (
					"$(SDKROOT)/Developer/Library/Frameworks",
					"$(inherited)",
					"$(DEVELOPER_FRAMEWORKS_DIR)",
				);
				GCC_PRECOMPILE_PREFIX_HEADER = YES;
				GCC_PREFIX_HEADER = "ComeFindMe/ComeFindMe-Prefix.pch";
				INFOPLIST_FILE = "ComeFindMeTests/ComeFindMeTests-Info.plist";
				PRODUCT_NAME = "$(TARGET_NAME)";
				TEST_HOST = "$(BUNDLE_LOADER)";
				WRAPPER_EXTENSION = xctest;
			};
			name = Release;
		};
/* End XCBuildConfiguration section */

/* Begin XCConfigurationList section */
		675E8C7018EDF73E00978B50 /* Build configuration list for PBXProject "ComeFindMe" */ = {
			isa = XCConfigurationList;
			buildConfigurations = (
				675E8C9F18EDF73F00978B50 /* Debug */,
				675E8CA018EDF73F00978B50 /* Release */,
			);
			defaultConfigurationIsVisible = 0;
			defaultConfigurationName = Release;
		};
		675E8CA118EDF73F00978B50 /* Build configuration list for PBXNativeTarget "ComeFindMe" */ = {
			isa = XCConfigurationList;
			buildConfigurations = (
				675E8CA218EDF73F00978B50 /* Debug */,
				675E8CA318EDF73F00978B50 /* Release */,
			);
			defaultConfigurationIsVisible = 0;
			defaultConfigurationName = Release;
		};
		675E8CA418EDF73F00978B50 /* Build configuration list for PBXNativeTarget "ComeFindMeTests" */ = {
			isa = XCConfigurationList;
			buildConfigurations = (
				675E8CA518EDF73F00978B50 /* Debug */,
				675E8CA618EDF73F00978B50 /* Release */,
			);
			defaultConfigurationIsVisible = 0;
			defaultConfigurationName = Release;
		};
/* End XCConfigurationList section */
	};
	rootObject = 675E8C6D18EDF73E00978B50 /* Project object */;
}
